
Microsoft Visual Studio Solution File, Format Version 12.00
# Visual Studio Version 17
VisualStudioVersion = 17.4.33213.308
MinimumVisualStudioVersion = 10.0.40219.1
Project("{FAE04EC0-301F-11D3-BF4B-00C04F79EFBC}") = "MonoGame_SandboxTest", "MonoGame_SandboxTest\MonoGame_SandboxTest.csproj", "{3EF94421-EDD2-40CB-95F7-81B86BB5FE59}"
EndProject
Global
	GlobalSection(SolutionConfigurationPlatforms) = preSolution
		Debug|Any CPU = Debug|Any CPU
		Release|Any CPU = Release|Any CPU
	EndGlobalSection
	GlobalSection(ProjectConfigurationPlatforms) = postSolution
		{3EF94421-EDD2-40CB-95F7-81B86BB5FE59}.Debug|Any CPU.ActiveCfg = Debug|Any CPU
		{3EF94421-EDD2-40CB-95F7-81B86BB5FE59}.Debug|Any CPU.Build.0 = Debug|Any CPU
		{3EF94421-EDD2-40CB-95F7-81B86BB5FE59}.Release|Any CPU.ActiveCfg = Release|Any CPU
		{3EF94421-EDD2-40CB-95F7-81B86BB5FE59}.Release|Any CPU.Build.0 = Release|Any CPU
	EndGlobalSection
	GlobalSection(SolutionProperties) = preSolution
		HideSolutionNode = FALSE
	EndGlobalSection
	GlobalSection(ExtensibilityGlobals) = postSolution
		SolutionGuid = {FA7C5130-6840-4AA6-A830-D71EBEC0A8C8}
	EndGlobalSection
EndGlobal
